
Microsoft Visual Studio Solution File, Format Version 12.00
# Visual Studio Version 16
VisualStudioVersion = 16.0.32413.511
MinimumVisualStudioVersion = 10.0.40219.1
Project("{9A19103F-16F7-4668-BE54-9A1E7A4F7556}") = "WinFormsApplication", "WinFormsApplication\WinFormsApplication.csproj", "{0D568398-F2BE-4261-B510-7DF07B8BE7BA}"
EndProject
Project("{9A19103F-16F7-4668-BE54-9A1E7A4F7556}") = "Library", "Library\Library.csproj", "{8D26A29E-22A2-4368-93EC-ABF546F46AC3}"
EndProject
Global
	GlobalSection(SolutionConfigurationPlatforms) = preSolution
		Debug|Any CPU = Debug|Any CPU
		Release|Any CPU = Release|Any CPU
	EndGlobalSection
	GlobalSection(ProjectConfigurationPlatforms) = postSolution
		{0D568398-F2BE-4261-B510-7DF07B8BE7BA}.Debug|Any CPU.ActiveCfg = Debug|Any CPU
		{0D568398-F2BE-4261-B510-7DF07B8BE7BA}.Debug|Any CPU.Build.0 = Debug|Any CPU
		{0D568398-F2BE-4261-B510-7DF07B8BE7BA}.Release|Any CPU.ActiveCfg = Release|Any CPU
		{0D568398-F2BE-4261-B510-7DF07B8BE7BA}.Release|Any CPU.Build.0 = Release|Any CPU
		{8D26A29E-22A2-4368-93EC-ABF546F46AC3}.Debug|Any CPU.ActiveCfg = Debug|Any CPU
		{8D26A29E-22A2-4368-93EC-ABF546F46AC3}.Debug|Any CPU.Build.0 = Debug|Any CPU
		{8D26A29E-22A2-4368-93EC-ABF546F46AC3}.Release|Any CPU.ActiveCfg = Release|Any CPU
		{8D26A29E-22A2-4368-93EC-ABF546F46AC3}.Release|Any CPU.Build.0 = Release|Any CPU
	EndGlobalSection
	GlobalSection(SolutionProperties) = preSolution
		HideSolutionNode = FALSE
	EndGlobalSection
	GlobalSection(ExtensibilityGlobals) = postSolution
		SolutionGuid = {A4A6D6D9-528E-4CA0-8CFF-17FD8F7E0EAB}
	EndGlobalSection
EndGlobal
